<?xml version="1.0" encoding="UTF-8"?>
<Scheme
   LastUpgradeVersion = "0730"
   version = "1.3">
   <BuildAction
      parallelizeBuildables = "YES"
      buildImplicitDependencies = "YES">
      <BuildActionEntries>
         <BuildActionEntry
            buildForTesting = "YES"
            buildForRunning = "YES"
            buildForProfiling = "YES"
            buildForArchiving = "YES"
            buildForAnalyzing = "YES">
            <BuildableReference
               BuildableIdentifier = "primary"
               BlueprintIdentifier = "307A349D1D34553800C08305"
               BuildableName = "VModaPopupAd.app"
               BlueprintName = "VModaPopupAd"
               ReferencedContainer = "container:VModaPopupAd.xcodeproj">
            </BuildableReference>
         </BuildActionEntry>
      </BuildActionEntries>
   </BuildAction>
   <TestAction
      buildConfiguration = "Debug"
      selectedDebuggerIdentifier = "Xcode.DebuggerFoundation.Debugger.LLDB"
      selectedLauncherIdentifier = "Xcode.DebuggerFoundation.Launcher.LLDB"
      shouldUseLaunchSchemeArgsEnv = "YES">
      <Testables>
         <TestableReference
            skipped = "NO">
            <BuildableReference
               BuildableIdentifier = "primary"
               BlueprintIdentifier = "307A34B11D34553900C08305"
               BuildableName = "VModaPopupAdTests.xctest"
               BlueprintName = "VModaPopupAdTests"
               ReferencedContainer = "container:VModaPopupAd.xcodeproj">
            </BuildableReference>
         </TestableReference>
         <TestableReference
            skipped = "NO">
            <BuildableReference
               BuildableIdentifier = "primary"
               BlueprintIdentifier = "307A34BC1D34553900C08305"
               BuildableName = "VModaPopupAdUITests.xctest"
               BlueprintName = "VModaPopupAdUITests"
               ReferencedContainer = "container:VModaPopupAd.xcodeproj">
            </BuildableReference>
         </TestableReference>
         <TestableReference
            skipped = "NO">
            <BuildableReference
               BuildableIdentifier = "primary"
               BlueprintIdentifier = "309F3A881D4BEC7700C3314A"
               BuildableName = "InfiniteScrollingViewTests.xctest"
               BlueprintName = "InfiniteScrollingViewTests"
               ReferencedContainer = "container:VModaPopupAd.xcodeproj">
            </BuildableReference>
         </TestableReference>
         <TestableReference
            skipped = "NO">
            <BuildableReference
               BuildableIdentifier = "primary"
               BlueprintIdentifier = "309F3AAD1D4BECE600C3314A"
               BuildableName = "DJZPopupWebViewTests.xctest"
               BlueprintName = "DJZPopupWebViewTests"
               ReferencedContainer = "container:VModaPopupAd.xcodeproj">
            </BuildableReference>
         </TestableReference>
         <TestableReference
            skipped = "NO">
            <BuildableReference
               BuildableIdentifier = "primary"
               BlueprintIdentifier = "309F3AE81D4C196B00C3314A"
               BuildableName = "MerchScrollerTests.xctest"
               BlueprintName = "MerchScrollerTests"
               ReferencedContainer = "container:VModaPopupAd.xcodeproj">
            </BuildableReference>
         </TestableReference>
      </Testables>
      <MacroExpansion>
         <BuildableReference
            BuildableIdentifier = "primary"
            BlueprintIdentifier = "307A349D1D34553800C08305"
            BuildableName = "VModaPopupAd.app"
            BlueprintName = "VModaPopupAd"
            ReferencedContainer = "container:VModaPopupAd.xcodeproj">
         </BuildableReference>
      </MacroExpansion>
      <AdditionalOptions>
      </AdditionalOptions>
   </TestAction>
   <LaunchAction
      buildConfiguration = "Debug"
      selectedDebuggerIdentifier = "Xcode.DebuggerFoundation.Debugger.LLDB"
      selectedLauncherIdentifier = "Xcode.DebuggerFoundation.Launcher.LLDB"
      launchStyle = "0"
      useCustomWorkingDirectory = "NO"
      ignoresPersistentStateOnLaunch = "NO"
      debugDocumentVersioning = "YES"
      debugServiceExtension = "internal"
      allowLocationSimulation = "YES">
      <BuildableProductRunnable
         runnableDebuggingMode = "0">
         <BuildableReference
            BuildableIdentifier = "primary"
            BlueprintIdentifier = "307A349D1D34553800C08305"
            BuildableName = "VModaPopupAd.app"
            BlueprintName = "VModaPopupAd"
            ReferencedContainer = "container:VModaPopupAd.xcodeproj">
         </BuildableReference>
      </BuildableProductRunnable>
      <AdditionalOptions>
      </AdditionalOptions>
   </LaunchAction>
   <ProfileAction
      buildConfiguration = "Release"
      shouldUseLaunchSchemeArgsEnv = "YES"
      savedToolIdentifier = ""
      useCustomWorkingDirectory = "NO"
      debugDocumentVersioning = "YES">
      <BuildableProductRunnable
         runnableDebuggingMode = "0">
         <BuildableReference
            BuildableIdentifier = "primary"
            BlueprintIdentifier = "307A349D1D34553800C08305"
            BuildableName = "VModaPopupAd.app"
            BlueprintName = "VModaPopupAd"
            ReferencedContainer = "container:VModaPopupAd.xcodeproj">
         </BuildableReference>
      </BuildableProductRunnable>
   </ProfileAction>
   <AnalyzeAction
      buildConfiguration = "Debug">
   </AnalyzeAction>
   <ArchiveAction
      buildConfiguration = "Release"
      revealArchiveInOrganizer = "YES">
   </ArchiveAction>
</Scheme>
